
Microsoft Visual Studio Solution File, Format Version 12.00
# Visual Studio Version 17
VisualStudioVersion = 17.5.33516.290
MinimumVisualStudioVersion = 10.0.40219.1
Project("{8BC9CEB8-8B4A-11D0-8D11-00A0C91BC942}") = "_01c++Learning", "c++Learning\c++Learning.vcxproj", "{72B80E0F-96A3-4EA3-8B3C-7814745F82B5}"
EndProject
Project("{8BC9CEB8-8B4A-11D0-8D11-00A0C91BC942}") = "_03C++核心编程", "C++核心编程\C++核心编程.vcxproj", "{B8B0C328-F42C-4C79-8163-70BDA50321AB}"
EndProject
Project("{8BC9CEB8-8B4A-11D0-8D11-00A0C91BC942}") = "_04类和对象", "类和对象\类和对象.vcxproj", "{FF9B5B35-FB05-4AC4-B685-A96C2370605A}"
EndProject
Project("{8BC9CEB8-8B4A-11D0-8D11-00A0C91BC942}") = "_05C++对象模型和this指针", "C++对象模型和this指针\C++对象模型和this指针.vcxproj", "{61C1A6E3-0F9B-4333-84C7-77CC2411F24B}"
EndProject
Project("{8BC9CEB8-8B4A-11D0-8D11-00A0C91BC942}") = "_06运算符重载", "运算符重载\运算符重载.vcxproj", "{C96ADAB1-11A1-4897-89C1-F38C4A7757C5}"
EndProject
Project("{8BC9CEB8-8B4A-11D0-8D11-00A0C91BC942}") = "_02案例通讯录管理系统", "案例通讯录管理系统\案例通讯录管理系统.vcxproj", "{6E1B61A2-3CC1-42A2-8EE0-3D2F18C2B0B7}"
EndProject
Project("{8BC9CEB8-8B4A-11D0-8D11-00A0C91BC942}") = "_07继承", "继承\继承.vcxproj", "{E6188535-E48D-43F2-8AAB-E548E74E3893}"
EndProject
Project("{8BC9CEB8-8B4A-11D0-8D11-00A0C91BC942}") = "_08多态", "多态\多态.vcxproj", "{9C0A9ACE-5877-4617-89FC-4334F2C24A82}"
EndProject
Project("{8BC9CEB8-8B4A-11D0-8D11-00A0C91BC942}") = "_09文件操作", "文件操作\文件操作.vcxproj", "{6B2A579D-A486-40E0-A272-8BDD5C0A4924}"
EndProject
Project("{8BC9CEB8-8B4A-11D0-8D11-00A0C91BC942}") = "_10职工管理系统", "_10职工管理系统\_10职工管理系统.vcxproj", "{CAF09282-28CD-4AE3-AB14-6AB5DEF0A98A}"
EndProject
Project("{8BC9CEB8-8B4A-11D0-8D11-00A0C91BC942}") = "_11C++模板和泛型", "_11C++模板和泛型\_11C++模板和泛型.vcxproj", "{4F72EB95-5604-405D-96BE-DAE9AF692331}"
EndProject
Project("{8BC9CEB8-8B4A-11D0-8D11-00A0C91BC942}") = "_12容器算法迭代器初识", "_12容器算法迭代器初识\_12容器算法迭代器初识.vcxproj", "{B2728851-D191-4DF8-8DC1-BCAD7F1DA35F}"
EndProject
Project("{8BC9CEB8-8B4A-11D0-8D11-00A0C91BC942}") = "_13STL常用容器string", "_13STL常用容器\_13STL常用容器.vcxproj", "{17882AA6-8E60-4584-A7A0-2607089F949E}"
EndProject
Project("{8BC9CEB8-8B4A-11D0-8D11-00A0C91BC942}") = "_14Vector容器", "_14Vector容器\_14Vector容器.vcxproj", "{6816A309-92A1-4FA7-95B9-A2351D33B3AC}"
EndProject
Project("{8BC9CEB8-8B4A-11D0-8D11-00A0C91BC942}") = "_15deque容器", "_15deque容器\_15deque容器.vcxproj", "{0F964B99-B934-40D6-A5CF-19888C3C64F0}"
EndProject
Project("{8BC9CEB8-8B4A-11D0-8D11-00A0C91BC942}") = "_16stack和queue容器", "_16stack容器\_16stack容器.vcxproj", "{2C6FC7CB-7D5A-47FF-93BC-572C4D778151}"
EndProject
Project("{8BC9CEB8-8B4A-11D0-8D11-00A0C91BC942}") = "_17list容器", "_17list容器\_17list容器.vcxproj", "{D6EDE31C-8EB2-4C31-926D-F1AEE35CB865}"
EndProject
Project("{8BC9CEB8-8B4A-11D0-8D11-00A0C91BC942}") = "_18set_multiset容器", "_18set_multiset容器\_18set_multiset容器.vcxproj", "{A4E77EF1-1BD8-4E1E-A96E-23D8C568845F}"
EndProject
Project("{8BC9CEB8-8B4A-11D0-8D11-00A0C91BC942}") = "_19map_multimap容器", "_19map\_19map.vcxproj", "{4B65E3C6-6BFB-4503-A88C-960EFC3F6F0E}"
EndProject
Project("{8BC9CEB8-8B4A-11D0-8D11-00A0C91BC942}") = "_20SLT-函数对象", "_20SLT-函数对象\_20SLT-函数对象.vcxproj", "{5EACF52A-E0D8-4821-9F38-149DD5AD4AFE}"
EndProject
Project("{8BC9CEB8-8B4A-11D0-8D11-00A0C91BC942}") = "_21STL-常用算法", "_21STL-常用算法\_21STL-常用算法.vcxproj", "{93F3FCB2-2538-4E11-92B3-5560CAA3C1EB}"
EndProject
Project("{8BC9CEB8-8B4A-11D0-8D11-00A0C91BC942}") = "_22演讲比赛流程管理系统", "_22演讲比赛流程管理系统\_22演讲比赛流程管理系统.vcxproj", "{68C8C9AC-50B1-45CB-ACA0-C82C9CFD317C}"
EndProject
Project("{8BC9CEB8-8B4A-11D0-8D11-00A0C91BC942}") = "Test", "Test\Test.vcxproj", "{14F057D0-F7FE-4507-BD5B-A2B10D731F15}"
EndProject
Project("{8BC9CEB8-8B4A-11D0-8D11-00A0C91BC942}") = "LeedCode面试经典150题", "LeedCode面试经典150题\LeedCode面试经典150题.vcxproj", "{78125C19-D530-401A-94DF-3198AF1BAF29}"
EndProject
Project("{8BC9CEB8-8B4A-11D0-8D11-00A0C91BC942}") = "_23C++11_关键字", "_23C++11_关键字\_23C++11_关键字.vcxproj", "{0BF8C544-BA9B-4F64-A60E-B3BCBA5B3B57}"
EndProject
Project("{8BC9CEB8-8B4A-11D0-8D11-00A0C91BC942}") = "_24深入学习类", "_24深入学习类\_24深入学习类.vcxproj", "{24EF4D45-2B3B-4B17-9B0A-1AC18CFD215B}"
EndProject
Project("{8BC9CEB8-8B4A-11D0-8D11-00A0C91BC942}") = "数据结构", "数据结构\数据结构.vcxproj", "{5B6EF147-5F88-442C-A0D3-E1912E28DD48}"
EndProject
Project("{8BC9CEB8-8B4A-11D0-8D11-00A0C91BC942}") = "_25STL容器", "_25STL容器\_25STL容器.vcxproj", "{070E5F59-1AED-4FEB-976A-9D91462D2333}"
EndProject
Project("{8BC9CEB8-8B4A-11D0-8D11-00A0C91BC942}") = "_26多线程编程", "_26多线程编程\_26多线程编程.vcxproj", "{06438734-106B-43EF-AC98-780CD78EBDF5}"
EndProject
Project("{8BC9CEB8-8B4A-11D0-8D11-00A0C91BC942}") = "C++新标准", "C++新标准\C++新标准.vcxproj", "{30805E4F-CD1A-43BE-AC30-832D4CFAAD92}"
EndProject
Project("{8BC9CEB8-8B4A-11D0-8D11-00A0C91BC942}") = "_27简易的服务器模型", "_27简易的服务器模型\_27简易的服务器模型.vcxproj", "{1F352E12-B6D9-4B93-B0DE-34B45BEA2ED5}"
EndProject
Project("{8BC9CEB8-8B4A-11D0-8D11-00A0C91BC942}") = "_28一些题目", "_28一些题目\_28一些题目.vcxproj", "{635FD9E4-10EE-44CD-9518-6F60AD53F758}"
EndProject
Project("{8BC9CEB8-8B4A-11D0-8D11-00A0C91BC942}") = "_29Boost库中的网络asio", "_29Boost库中的网络asio\_29Boost库中的网络asio.vcxproj", "{8DDEB31D-3D20-4304-B927-9AF06746E8D0}"
EndProject
Project("{8BC9CEB8-8B4A-11D0-8D11-00A0C91BC942}") = "_30C++八股文", "_30C++八股文\_30C++八股文.vcxproj", "{6C7C3AD6-2C4B-4127-A264-3FDDDD11CE9F}"
EndProject
Project("{8BC9CEB8-8B4A-11D0-8D11-00A0C91BC942}") = "_31C++协程", "_31C++协程\_31C++协程.vcxproj", "{C9D3C0F1-0518-42DD-9DC0-DEF94E49454C}"
EndProject
Project("{8BC9CEB8-8B4A-11D0-8D11-00A0C91BC942}") = "设计模式", "设计模式\设计模式.vcxproj", "{82FD8209-F5C5-4079-9C0E-78A46B09B6EA}"
EndProject
Project("{8BC9CEB8-8B4A-11D0-8D11-00A0C91BC942}") = "C++那些事", "C++那些事\C++那些事.vcxproj", "{92F31F0D-B63B-421C-B1C0-E6630E713FFA}"
EndProject
Project("{8BC9CEB8-8B4A-11D0-8D11-00A0C91BC942}") = "全双工异步发送ServerDemo", "全双工ServerDemo\全双工ServerDemo.vcxproj", "{91737921-DF71-48CE-844B-F2B0096874F7}"
EndProject
Project("{8BC9CEB8-8B4A-11D0-8D11-00A0C91BC942}") = "ProtobufDemo", "ProtobufDemo\ProtobufDemo.vcxproj", "{815E41A9-413C-4E61-9113-619F4E7F843C}"
EndProject
Project("{8BC9CEB8-8B4A-11D0-8D11-00A0C91BC942}") = "JsonDemo", "JsonDemo\JsonDemo.vcxproj", "{D158B040-D6F2-4DFF-8F1F-EB597362ADE6}"
EndProject
Project("{8BC9CEB8-8B4A-11D0-8D11-00A0C91BC942}") = "Server增加逻辑层", "Server增加逻辑层\Server增加逻辑层.vcxproj", "{2C98AC3D-1618-4398-9B4A-8C1D18E002B5}"
EndProject
Project("{8BC9CEB8-8B4A-11D0-8D11-00A0C91BC942}") = "_32并发编程", "_并发编程\_并发编程.vcxproj", "{7952B2B2-0CCD-4E98-8203-FFF7506233BA}"
EndProject
Global
	GlobalSection(SolutionConfigurationPlatforms) = preSolution
		Debug|x64 = Debug|x64
		Debug|x86 = Debug|x86
		Release|x64 = Release|x64
		Release|x86 = Release|x86
	EndGlobalSection
	GlobalSection(ProjectConfigurationPlatforms) = postSolution
		{72B80E0F-96A3-4EA3-8B3C-7814745F82B5}.Debug|x64.ActiveCfg = Debug|x64
		{72B80E0F-96A3-4EA3-8B3C-7814745F82B5}.Debug|x64.Build.0 = Debug|x64
		{72B80E0F-96A3-4EA3-8B3C-7814745F82B5}.Debug|x86.ActiveCfg = Debug|Win32
		{72B80E0F-96A3-4EA3-8B3C-7814745F82B5}.Debug|x86.Build.0 = Debug|Win32
		{72B80E0F-96A3-4EA3-8B3C-7814745F82B5}.Release|x64.ActiveCfg = Release|x64
		{72B80E0F-96A3-4EA3-8B3C-7814745F82B5}.Release|x64.Build.0 = Release|x64
		{72B80E0F-96A3-4EA3-8B3C-7814745F82B5}.Release|x86.ActiveCfg = Release|Win32
		{72B80E0F-96A3-4EA3-8B3C-7814745F82B5}.Release|x86.Build.0 = Release|Win32
		{B8B0C328-F42C-4C79-8163-70BDA50321AB}.Debug|x64.ActiveCfg = Debug|x64
		{B8B0C328-F42C-4C79-8163-70BDA50321AB}.Debug|x64.Build.0 = Debug|x64
		{B8B0C328-F42C-4C79-8163-70BDA50321AB}.Debug|x86.ActiveCfg = Debug|Win32
		{B8B0C328-F42C-4C79-8163-70BDA50321AB}.Debug|x86.Build.0 = Debug|Win32
		{B8B0C328-F42C-4C79-8163-70BDA50321AB}.Release|x64.ActiveCfg = Release|x64
		{B8B0C328-F42C-4C79-8163-70BDA50321AB}.Release|x64.Build.0 = Release|x64
		{B8B0C328-F42C-4C79-8163-70BDA50321AB}.Release|x86.ActiveCfg = Release|Win32
		{B8B0C328-F42C-4C79-8163-70BDA50321AB}.Release|x86.Build.0 = Release|Win32
		{FF9B5B35-FB05-4AC4-B685-A96C2370605A}.Debug|x64.ActiveCfg = Debug|x64
		{FF9B5B35-FB05-4AC4-B685-A96C2370605A}.Debug|x64.Build.0 = Debug|x64
		{FF9B5B35-FB05-4AC4-B685-A96C2370605A}.Debug|x86.ActiveCfg = Debug|Win32
		{FF9B5B35-FB05-4AC4-B685-A96C2370605A}.Debug|x86.Build.0 = Debug|Win32
		{FF9B5B35-FB05-4AC4-B685-A96C2370605A}.Release|x64.ActiveCfg = Release|x64
		{FF9B5B35-FB05-4AC4-B685-A96C2370605A}.Release|x64.Build.0 = Release|x64
		{FF9B5B35-FB05-4AC4-B685-A96C2370605A}.Release|x86.ActiveCfg = Release|Win32
		{FF9B5B35-FB05-4AC4-B685-A96C2370605A}.Release|x86.Build.0 = Release|Win32
		{61C1A6E3-0F9B-4333-84C7-77CC2411F24B}.Debug|x64.ActiveCfg = Debug|x64
		{61C1A6E3-0F9B-4333-84C7-77CC2411F24B}.Debug|x64.Build.0 = Debug|x64
		{61C1A6E3-0F9B-4333-84C7-77CC2411F24B}.Debug|x86.ActiveCfg = Debug|Win32
		{61C1A6E3-0F9B-4333-84C7-77CC2411F24B}.Debug|x86.Build.0 = Debug|Win32
		{61C1A6E3-0F9B-4333-84C7-77CC2411F24B}.Release|x64.ActiveCfg = Release|x64
		{61C1A6E3-0F9B-4333-84C7-77CC2411F24B}.Release|x64.Build.0 = Release|x64
		{61C1A6E3-0F9B-4333-84C7-77CC2411F24B}.Release|x86.ActiveCfg = Release|Win32
		{61C1A6E3-0F9B-4333-84C7-77CC2411F24B}.Release|x86.Build.0 = Release|Win32
		{C96ADAB1-11A1-4897-89C1-F38C4A7757C5}.Debug|x64.ActiveCfg = Debug|x64
		{C96ADAB1-11A1-4897-89C1-F38C4A7757C5}.Debug|x64.Build.0 = Debug|x64
		{C96ADAB1-11A1-4897-89C1-F38C4A7757C5}.Debug|x86.ActiveCfg = Debug|Win32
		{C96ADAB1-11A1-4897-89C1-F38C4A7757C5}.Debug|x86.Build.0 = Debug|Win32
		{C96ADAB1-11A1-4897-89C1-F38C4A7757C5}.Release|x64.ActiveCfg = Release|x64
		{C96ADAB1-11A1-4897-89C1-F38C4A7757C5}.Release|x64.Build.0 = Release|x64
		{C96ADAB1-11A1-4897-89C1-F38C4A7757C5}.Release|x86.ActiveCfg = Release|Win32
		{C96ADAB1-11A1-4897-89C1-F38C4A7757C5}.Release|x86.Build.0 = Release|Win32
		{6E1B61A2-3CC1-42A2-8EE0-3D2F18C2B0B7}.Debug|x64.ActiveCfg = Debug|x64
		{6E1B61A2-3CC1-42A2-8EE0-3D2F18C2B0B7}.Debug|x64.Build.0 = Debug|x64
		{6E1B61A2-3CC1-42A2-8EE0-3D2F18C2B0B7}.Debug|x86.ActiveCfg = Debug|Win32
		{6E1B61A2-3CC1-42A2-8EE0-3D2F18C2B0B7}.Debug|x86.Build.0 = Debug|Win32
		{6E1B61A2-3CC1-42A2-8EE0-3D2F18C2B0B7}.Release|x64.ActiveCfg = Release|x64
		{6E1B61A2-3CC1-42A2-8EE0-3D2F18C2B0B7}.Release|x64.Build.0 = Release|x64
		{6E1B61A2-3CC1-42A2-8EE0-3D2F18C2B0B7}.Release|x86.ActiveCfg = Release|Win32
		{6E1B61A2-3CC1-42A2-8EE0-3D2F18C2B0B7}.Release|x86.Build.0 = Release|Win32
		{E6188535-E48D-43F2-8AAB-E548E74E3893}.Debug|x64.ActiveCfg = Debug|x64
		{E6188535-E48D-43F2-8AAB-E548E74E3893}.Debug|x64.Build.0 = Debug|x64
		{E6188535-E48D-43F2-8AAB-E548E74E3893}.Debug|x86.ActiveCfg = Debug|Win32
		{E6188535-E48D-43F2-8AAB-E548E74E3893}.Debug|x86.Build.0 = Debug|Win32
		{E6188535-E48D-43F2-8AAB-E548E74E3893}.Release|x64.ActiveCfg = Release|x64
		{E6188535-E48D-43F2-8AAB-E548E74E3893}.Release|x64.Build.0 = Release|x64
		{E6188535-E48D-43F2-8AAB-E548E74E3893}.Release|x86.ActiveCfg = Release|Win32
		{E6188535-E48D-43F2-8AAB-E548E74E3893}.Release|x86.Build.0 = Release|Win32
		{9C0A9ACE-5877-4617-89FC-4334F2C24A82}.Debug|x64.ActiveCfg = Debug|x64
		{9C0A9ACE-5877-4617-89FC-4334F2C24A82}.Debug|x64.Build.0 = Debug|x64
		{9C0A9ACE-5877-4617-89FC-4334F2C24A82}.Debug|x86.ActiveCfg = Debug|Win32
		{9C0A9ACE-5877-4617-89FC-4334F2C24A82}.Debug|x86.Build.0 = Debug|Win32
		{9C0A9ACE-5877-4617-89FC-4334F2C24A82}.Release|x64.ActiveCfg = Release|x64
		{9C0A9ACE-5877-4617-89FC-4334F2C24A82}.Release|x64.Build.0 = Release|x64
		{9C0A9ACE-5877-4617-89FC-4334F2C24A82}.Release|x86.ActiveCfg = Release|Win32
		{9C0A9ACE-5877-4617-89FC-4334F2C24A82}.Release|x86.Build.0 = Release|Win32
		{6B2A579D-A486-40E0-A272-8BDD5C0A4924}.Debug|x64.ActiveCfg = Debug|x64
		{6B2A579D-A486-40E0-A272-8BDD5C0A4924}.Debug|x64.Build.0 = Debug|x64
		{6B2A579D-A486-40E0-A272-8BDD5C0A4924}.Debug|x86.ActiveCfg = Debug|Win32
		{6B2A579D-A486-40E0-A272-8BDD5C0A4924}.Debug|x86.Build.0 = Debug|Win32
		{6B2A579D-A486-40E0-A272-8BDD5C0A4924}.Release|x64.ActiveCfg = Release|x64
		{6B2A579D-A486-40E0-A272-8BDD5C0A4924}.Release|x64.Build.0 = Release|x64
		{6B2A579D-A486-40E0-A272-8BDD5C0A4924}.Release|x86.ActiveCfg = Release|Win32
		{6B2A579D-A486-40E0-A272-8BDD5C0A4924}.Release|x86.Build.0 = Release|Win32
		{CAF09282-28CD-4AE3-AB14-6AB5DEF0A98A}.Debug|x64.ActiveCfg = Debug|x64
		{CAF09282-28CD-4AE3-AB14-6AB5DEF0A98A}.Debug|x64.Build.0 = Debug|x64
		{CAF09282-28CD-4AE3-AB14-6AB5DEF0A98A}.Debug|x86.ActiveCfg = Debug|Win32
		{CAF09282-28CD-4AE3-AB14-6AB5DEF0A98A}.Debug|x86.Build.0 = Debug|Win32
		{CAF09282-28CD-4AE3-AB14-6AB5DEF0A98A}.Release|x64.ActiveCfg = Release|x64
		{CAF09282-28CD-4AE3-AB14-6AB5DEF0A98A}.Release|x64.Build.0 = Release|x64
		{CAF09282-28CD-4AE3-AB14-6AB5DEF0A98A}.Release|x86.ActiveCfg = Release|Win32
		{CAF09282-28CD-4AE3-AB14-6AB5DEF0A98A}.Release|x86.Build.0 = Release|Win32
		{4F72EB95-5604-405D-96BE-DAE9AF692331}.Debug|x64.ActiveCfg = Debug|x64
		{4F72EB95-5604-405D-96BE-DAE9AF692331}.Debug|x64.Build.0 = Debug|x64
		{4F72EB95-5604-405D-96BE-DAE9AF692331}.Debug|x86.ActiveCfg = Debug|Win32
		{4F72EB95-5604-405D-96BE-DAE9AF692331}.Debug|x86.Build.0 = Debug|Win32
		{4F72EB95-5604-405D-96BE-DAE9AF692331}.Release|x64.ActiveCfg = Release|x64
		{4F72EB95-5604-405D-96BE-DAE9AF692331}.Release|x64.Build.0 = Release|x64
		{4F72EB95-5604-405D-96BE-DAE9AF692331}.Release|x86.ActiveCfg = Release|Win32
		{4F72EB95-5604-405D-96BE-DAE9AF692331}.Release|x86.Build.0 = Release|Win32
		{B2728851-D191-4DF8-8DC1-BCAD7F1DA35F}.Debug|x64.ActiveCfg = Debug|x64
		{B2728851-D191-4DF8-8DC1-BCAD7F1DA35F}.Debug|x64.Build.0 = Debug|x64
		{B2728851-D191-4DF8-8DC1-BCAD7F1DA35F}.Debug|x86.ActiveCfg = Debug|Win32
		{B2728851-D191-4DF8-8DC1-BCAD7F1DA35F}.Debug|x86.Build.0 = Debug|Win32
		{B2728851-D191-4DF8-8DC1-BCAD7F1DA35F}.Release|x64.ActiveCfg = Release|x64
		{B2728851-D191-4DF8-8DC1-BCAD7F1DA35F}.Release|x64.Build.0 = Release|x64
		{B2728851-D191-4DF8-8DC1-BCAD7F1DA35F}.Release|x86.ActiveCfg = Release|Win32
		{B2728851-D191-4DF8-8DC1-BCAD7F1DA35F}.Release|x86.Build.0 = Release|Win32
		{17882AA6-8E60-4584-A7A0-2607089F949E}.Debug|x64.ActiveCfg = Debug|x64
		{17882AA6-8E60-4584-A7A0-2607089F949E}.Debug|x64.Build.0 = Debug|x64
		{17882AA6-8E60-4584-A7A0-2607089F949E}.Debug|x86.ActiveCfg = Debug|Win32
		{17882AA6-8E60-4584-A7A0-2607089F949E}.Debug|x86.Build.0 = Debug|Win32
		{17882AA6-8E60-4584-A7A0-2607089F949E}.Release|x64.ActiveCfg = Release|x64
		{17882AA6-8E60-4584-A7A0-2607089F949E}.Release|x64.Build.0 = Release|x64
		{17882AA6-8E60-4584-A7A0-2607089F949E}.Release|x86.ActiveCfg = Release|Win32
		{17882AA6-8E60-4584-A7A0-2607089F949E}.Release|x86.Build.0 = Release|Win32
		{6816A309-92A1-4FA7-95B9-A2351D33B3AC}.Debug|x64.ActiveCfg = Debug|x64
		{6816A309-92A1-4FA7-95B9-A2351D33B3AC}.Debug|x64.Build.0 = Debug|x64
		{6816A309-92A1-4FA7-95B9-A2351D33B3AC}.Debug|x86.ActiveCfg = Debug|Win32
		{6816A309-92A1-4FA7-95B9-A2351D33B3AC}.Debug|x86.Build.0 = Debug|Win32
		{6816A309-92A1-4FA7-95B9-A2351D33B3AC}.Release|x64.ActiveCfg = Release|x64
		{6816A309-92A1-4FA7-95B9-A2351D33B3AC}.Release|x64.Build.0 = Release|x64
		{6816A309-92A1-4FA7-95B9-A2351D33B3AC}.Release|x86.ActiveCfg = Release|Win32
		{6816A309-92A1-4FA7-95B9-A2351D33B3AC}.Release|x86.Build.0 = Release|Win32
		{0F964B99-B934-40D6-A5CF-19888C3C64F0}.Debug|x64.ActiveCfg = Debug|x64
		{0F964B99-B934-40D6-A5CF-19888C3C64F0}.Debug|x64.Build.0 = Debug|x64
		{0F964B99-B934-40D6-A5CF-19888C3C64F0}.Debug|x86.ActiveCfg = Debug|Win32
		{0F964B99-B934-40D6-A5CF-19888C3C64F0}.Debug|x86.Build.0 = Debug|Win32
		{0F964B99-B934-40D6-A5CF-19888C3C64F0}.Release|x64.ActiveCfg = Release|x64
		{0F964B99-B934-40D6-A5CF-19888C3C64F0}.Release|x64.Build.0 = Release|x64
		{0F964B99-B934-40D6-A5CF-19888C3C64F0}.Release|x86.ActiveCfg = Release|Win32
		{0F964B99-B934-40D6-A5CF-19888C3C64F0}.Release|x86.Build.0 = Release|Win32
		{2C6FC7CB-7D5A-47FF-93BC-572C4D778151}.Debug|x64.ActiveCfg = Debug|x64
		{2C6FC7CB-7D5A-47FF-93BC-572C4D778151}.Debug|x64.Build.0 = Debug|x64
		{2C6FC7CB-7D5A-47FF-93BC-572C4D778151}.Debug|x86.ActiveCfg = Debug|Win32
		{2C6FC7CB-7D5A-47FF-93BC-572C4D778151}.Debug|x86.Build.0 = Debug|Win32
		{2C6FC7CB-7D5A-47FF-93BC-572C4D778151}.Release|x64.ActiveCfg = Release|x64
		{2C6FC7CB-7D5A-47FF-93BC-572C4D778151}.Release|x64.Build.0 = Release|x64
		{2C6FC7CB-7D5A-47FF-93BC-572C4D778151}.Release|x86.ActiveCfg = Release|Win32
		{2C6FC7CB-7D5A-47FF-93BC-572C4D778151}.Release|x86.Build.0 = Release|Win32
		{D6EDE31C-8EB2-4C31-926D-F1AEE35CB865}.Debug|x64.ActiveCfg = Debug|x64
		{D6EDE31C-8EB2-4C31-926D-F1AEE35CB865}.Debug|x64.Build.0 = Debug|x64
		{D6EDE31C-8EB2-4C31-926D-F1AEE35CB865}.Debug|x86.ActiveCfg = Debug|Win32
		{D6EDE31C-8EB2-4C31-926D-F1AEE35CB865}.Debug|x86.Build.0 = Debug|Win32
		{D6EDE31C-8EB2-4C31-926D-F1AEE35CB865}.Release|x64.ActiveCfg = Release|x64
		{D6EDE31C-8EB2-4C31-926D-F1AEE35CB865}.Release|x64.Build.0 = Release|x64
		{D6EDE31C-8EB2-4C31-926D-F1AEE35CB865}.Release|x86.ActiveCfg = Release|Win32
		{D6EDE31C-8EB2-4C31-926D-F1AEE35CB865}.Release|x86.Build.0 = Release|Win32
		{A4E77EF1-1BD8-4E1E-A96E-23D8C568845F}.Debug|x64.ActiveCfg = Debug|x64
		{A4E77EF1-1BD8-4E1E-A96E-23D8C568845F}.Debug|x64.Build.0 = Debug|x64
		{A4E77EF1-1BD8-4E1E-A96E-23D8C568845F}.Debug|x86.ActiveCfg = Debug|Win32
		{A4E77EF1-1BD8-4E1E-A96E-23D8C568845F}.Debug|x86.Build.0 = Debug|Win32
		{A4E77EF1-1BD8-4E1E-A96E-23D8C568845F}.Release|x64.ActiveCfg = Release|x64
		{A4E77EF1-1BD8-4E1E-A96E-23D8C568845F}.Release|x64.Build.0 = Release|x64
		{A4E77EF1-1BD8-4E1E-A96E-23D8C568845F}.Release|x86.ActiveCfg = Release|Win32
		{A4E77EF1-1BD8-4E1E-A96E-23D8C568845F}.Release|x86.Build.0 = Release|Win32
		{4B65E3C6-6BFB-4503-A88C-960EFC3F6F0E}.Debug|x64.ActiveCfg = Debug|x64
		{4B65E3C6-6BFB-4503-A88C-960EFC3F6F0E}.Debug|x64.Build.0 = Debug|x64
		{4B65E3C6-6BFB-4503-A88C-960EFC3F6F0E}.Debug|x86.ActiveCfg = Debug|Win32
		{4B65E3C6-6BFB-4503-A88C-960EFC3F6F0E}.Debug|x86.Build.0 = Debug|Win32
		{4B65E3C6-6BFB-4503-A88C-960EFC3F6F0E}.Release|x64.ActiveCfg = Release|x64
		{4B65E3C6-6BFB-4503-A88C-960EFC3F6F0E}.Release|x64.Build.0 = Release|x64
		{4B65E3C6-6BFB-4503-A88C-960EFC3F6F0E}.Release|x86.ActiveCfg = Release|Win32
		{4B65E3C6-6BFB-4503-A88C-960EFC3F6F0E}.Release|x86.Build.0 = Release|Win32
		{5EACF52A-E0D8-4821-9F38-149DD5AD4AFE}.Debug|x64.ActiveCfg = Debug|x64
		{5EACF52A-E0D8-4821-9F38-149DD5AD4AFE}.Debug|x64.Build.0 = Debug|x64
		{5EACF52A-E0D8-4821-9F38-149DD5AD4AFE}.Debug|x86.ActiveCfg = Debug|Win32
		{5EACF52A-E0D8-4821-9F38-149DD5AD4AFE}.Debug|x86.Build.0 = Debug|Win32
		{5EACF52A-E0D8-4821-9F38-149DD5AD4AFE}.Release|x64.ActiveCfg = Release|x64
		{5EACF52A-E0D8-4821-9F38-149DD5AD4AFE}.Release|x64.Build.0 = Release|x64
		{5EACF52A-E0D8-4821-9F38-149DD5AD4AFE}.Release|x86.ActiveCfg = Release|Win32
		{5EACF52A-E0D8-4821-9F38-149DD5AD4AFE}.Release|x86.Build.0 = Release|Win32
		{93F3FCB2-2538-4E11-92B3-5560CAA3C1EB}.Debug|x64.ActiveCfg = Debug|x64
		{93F3FCB2-2538-4E11-92B3-5560CAA3C1EB}.Debug|x64.Build.0 = Debug|x64
		{93F3FCB2-2538-4E11-92B3-5560CAA3C1EB}.Debug|x86.ActiveCfg = Debug|Win32
		{93F3FCB2-2538-4E11-92B3-5560CAA3C1EB}.Debug|x86.Build.0 = Debug|Win32
		{93F3FCB2-2538-4E11-92B3-5560CAA3C1EB}.Release|x64.ActiveCfg = Release|x64
		{93F3FCB2-2538-4E11-92B3-5560CAA3C1EB}.Release|x64.Build.0 = Release|x64
		{93F3FCB2-2538-4E11-92B3-5560CAA3C1EB}.Release|x86.ActiveCfg = Release|Win32
		{93F3FCB2-2538-4E11-92B3-5560CAA3C1EB}.Release|x86.Build.0 = Release|Win32
		{68C8C9AC-50B1-45CB-ACA0-C82C9CFD317C}.Debug|x64.ActiveCfg = Debug|x64
		{68C8C9AC-50B1-45CB-ACA0-C82C9CFD317C}.Debug|x64.Build.0 = Debug|x64
		{68C8C9AC-50B1-45CB-ACA0-C82C9CFD317C}.Debug|x86.ActiveCfg = Debug|Win32
		{68C8C9AC-50B1-45CB-ACA0-C82C9CFD317C}.Debug|x86.Build.0 = Debug|Win32
		{68C8C9AC-50B1-45CB-ACA0-C82C9CFD317C}.Release|x64.ActiveCfg = Release|x64
		{68C8C9AC-50B1-45CB-ACA0-C82C9CFD317C}.Release|x64.Build.0 = Release|x64
		{68C8C9AC-50B1-45CB-ACA0-C82C9CFD317C}.Release|x86.ActiveCfg = Release|Win32
		{68C8C9AC-50B1-45CB-ACA0-C82C9CFD317C}.Release|x86.Build.0 = Release|Win32
		{14F057D0-F7FE-4507-BD5B-A2B10D731F15}.Debug|x64.ActiveCfg = Debug|x64
		{14F057D0-F7FE-4507-BD5B-A2B10D731F15}.Debug|x64.Build.0 = Debug|x64
		{14F057D0-F7FE-4507-BD5B-A2B10D731F15}.Debug|x86.ActiveCfg = Debug|Win32
		{14F057D0-F7FE-4507-BD5B-A2B10D731F15}.Debug|x86.Build.0 = Debug|Win32
		{14F057D0-F7FE-4507-BD5B-A2B10D731F15}.Release|x64.ActiveCfg = Release|x64
		{14F057D0-F7FE-4507-BD5B-A2B10D731F15}.Release|x64.Build.0 = Release|x64
		{14F057D0-F7FE-4507-BD5B-A2B10D731F15}.Release|x86.ActiveCfg = Release|Win32
		{14F057D0-F7FE-4507-BD5B-A2B10D731F15}.Release|x86.Build.0 = Release|Win32
		{78125C19-D530-401A-94DF-3198AF1BAF29}.Debug|x64.ActiveCfg = Debug|x64
		{78125C19-D530-401A-94DF-3198AF1BAF29}.Debug|x64.Build.0 = Debug|x64
		{78125C19-D530-401A-94DF-3198AF1BAF29}.Debug|x86.ActiveCfg = Debug|Win32
		{78125C19-D530-401A-94DF-3198AF1BAF29}.Debug|x86.Build.0 = Debug|Win32
		{78125C19-D530-401A-94DF-3198AF1BAF29}.Release|x64.ActiveCfg = Release|x64
		{78125C19-D530-401A-94DF-3198AF1BAF29}.Release|x64.Build.0 = Release|x64
		{78125C19-D530-401A-94DF-3198AF1BAF29}.Release|x86.ActiveCfg = Release|Win32
		{78125C19-D530-401A-94DF-3198AF1BAF29}.Release|x86.Build.0 = Release|Win32
		{0BF8C544-BA9B-4F64-A60E-B3BCBA5B3B57}.Debug|x64.ActiveCfg = Debug|x64
		{0BF8C544-BA9B-4F64-A60E-B3BCBA5B3B57}.Debug|x64.Build.0 = Debug|x64
		{0BF8C544-BA9B-4F64-A60E-B3BCBA5B3B57}.Debug|x86.ActiveCfg = Debug|Win32
		{0BF8C544-BA9B-4F64-A60E-B3BCBA5B3B57}.Debug|x86.Build.0 = Debug|Win32
		{0BF8C544-BA9B-4F64-A60E-B3BCBA5B3B57}.Release|x64.ActiveCfg = Release|x64
		{0BF8C544-BA9B-4F64-A60E-B3BCBA5B3B57}.Release|x64.Build.0 = Release|x64
		{0BF8C544-BA9B-4F64-A60E-B3BCBA5B3B57}.Release|x86.ActiveCfg = Release|Win32
		{0BF8C544-BA9B-4F64-A60E-B3BCBA5B3B57}.Release|x86.Build.0 = Release|Win32
		{24EF4D45-2B3B-4B17-9B0A-1AC18CFD215B}.Debug|x64.ActiveCfg = Debug|x64
		{24EF4D45-2B3B-4B17-9B0A-1AC18CFD215B}.Debug|x64.Build.0 = Debug|x64
		{24EF4D45-2B3B-4B17-9B0A-1AC18CFD215B}.Debug|x86.ActiveCfg = Debug|Win32
		{24EF4D45-2B3B-4B17-9B0A-1AC18CFD215B}.Debug|x86.Build.0 = Debug|Win32
		{24EF4D45-2B3B-4B17-9B0A-1AC18CFD215B}.Release|x64.ActiveCfg = Release|x64
		{24EF4D45-2B3B-4B17-9B0A-1AC18CFD215B}.Release|x64.Build.0 = Release|x64
		{24EF4D45-2B3B-4B17-9B0A-1AC18CFD215B}.Release|x86.ActiveCfg = Release|Win32
		{24EF4D45-2B3B-4B17-9B0A-1AC18CFD215B}.Release|x86.Build.0 = Release|Win32
		{5B6EF147-5F88-442C-A0D3-E1912E28DD48}.Debug|x64.ActiveCfg = Debug|x64
		{5B6EF147-5F88-442C-A0D3-E1912E28DD48}.Debug|x64.Build.0 = Debug|x64
		{5B6EF147-5F88-442C-A0D3-E1912E28DD48}.Debug|x86.ActiveCfg = Debug|Win32
		{5B6EF147-5F88-442C-A0D3-E1912E28DD48}.Debug|x86.Build.0 = Debug|Win32
		{5B6EF147-5F88-442C-A0D3-E1912E28DD48}.Release|x64.ActiveCfg = Release|x64
		{5B6EF147-5F88-442C-A0D3-E1912E28DD48}.Release|x64.Build.0 = Release|x64
		{5B6EF147-5F88-442C-A0D3-E1912E28DD48}.Release|x86.ActiveCfg = Release|Win32
		{5B6EF147-5F88-442C-A0D3-E1912E28DD48}.Release|x86.Build.0 = Release|Win32
		{070E5F59-1AED-4FEB-976A-9D91462D2333}.Debug|x64.ActiveCfg = Debug|x64
		{070E5F59-1AED-4FEB-976A-9D91462D2333}.Debug|x64.Build.0 = Debug|x64
		{070E5F59-1AED-4FEB-976A-9D91462D2333}.Debug|x86.ActiveCfg = Debug|Win32
		{070E5F59-1AED-4FEB-976A-9D91462D2333}.Debug|x86.Build.0 = Debug|Win32
		{070E5F59-1AED-4FEB-976A-9D91462D2333}.Release|x64.ActiveCfg = Release|x64
		{070E5F59-1AED-4FEB-976A-9D91462D2333}.Release|x64.Build.0 = Release|x64
		{070E5F59-1AED-4FEB-976A-9D91462D2333}.Release|x86.ActiveCfg = Release|Win32
		{070E5F59-1AED-4FEB-976A-9D91462D2333}.Release|x86.Build.0 = Release|Win32
		{06438734-106B-43EF-AC98-780CD78EBDF5}.Debug|x64.ActiveCfg = Debug|x64
		{06438734-106B-43EF-AC98-780CD78EBDF5}.Debug|x64.Build.0 = Debug|x64
		{06438734-106B-43EF-AC98-780CD78EBDF5}.Debug|x86.ActiveCfg = Debug|Win32
		{06438734-106B-43EF-AC98-780CD78EBDF5}.Debug|x86.Build.0 = Debug|Win32
		{06438734-106B-43EF-AC98-780CD78EBDF5}.Release|x64.ActiveCfg = Release|x64
		{06438734-106B-43EF-AC98-780CD78EBDF5}.Release|x64.Build.0 = Release|x64
		{06438734-106B-43EF-AC98-780CD78EBDF5}.Release|x86.ActiveCfg = Release|Win32
		{06438734-106B-43EF-AC98-780CD78EBDF5}.Release|x86.Build.0 = Release|Win32
		{30805E4F-CD1A-43BE-AC30-832D4CFAAD92}.Debug|x64.ActiveCfg = Debug|x64
		{30805E4F-CD1A-43BE-AC30-832D4CFAAD92}.Debug|x64.Build.0 = Debug|x64
		{30805E4F-CD1A-43BE-AC30-832D4CFAAD92}.Debug|x86.ActiveCfg = Debug|Win32
		{30805E4F-CD1A-43BE-AC30-832D4CFAAD92}.Debug|x86.Build.0 = Debug|Win32
		{30805E4F-CD1A-43BE-AC30-832D4CFAAD92}.Release|x64.ActiveCfg = Release|x64
		{30805E4F-CD1A-43BE-AC30-832D4CFAAD92}.Release|x64.Build.0 = Release|x64
		{30805E4F-CD1A-43BE-AC30-832D4CFAAD92}.Release|x86.ActiveCfg = Release|Win32
		{30805E4F-CD1A-43BE-AC30-832D4CFAAD92}.Release|x86.Build.0 = Release|Win32
		{1F352E12-B6D9-4B93-B0DE-34B45BEA2ED5}.Debug|x64.ActiveCfg = Debug|x64
		{1F352E12-B6D9-4B93-B0DE-34B45BEA2ED5}.Debug|x64.Build.0 = Debug|x64
		{1F352E12-B6D9-4B93-B0DE-34B45BEA2ED5}.Debug|x86.ActiveCfg = Debug|Win32
		{1F352E12-B6D9-4B93-B0DE-34B45BEA2ED5}.Debug|x86.Build.0 = Debug|Win32
		{1F352E12-B6D9-4B93-B0DE-34B45BEA2ED5}.Release|x64.ActiveCfg = Release|x64
		{1F352E12-B6D9-4B93-B0DE-34B45BEA2ED5}.Release|x64.Build.0 = Release|x64
		{1F352E12-B6D9-4B93-B0DE-34B45BEA2ED5}.Release|x86.ActiveCfg = Release|Win32
		{1F352E12-B6D9-4B93-B0DE-34B45BEA2ED5}.Release|x86.Build.0 = Release|Win32
		{635FD9E4-10EE-44CD-9518-6F60AD53F758}.Debug|x64.ActiveCfg = Debug|x64
		{635FD9E4-10EE-44CD-9518-6F60AD53F758}.Debug|x64.Build.0 = Debug|x64
		{635FD9E4-10EE-44CD-9518-6F60AD53F758}.Debug|x86.ActiveCfg = Debug|Win32
		{635FD9E4-10EE-44CD-9518-6F60AD53F758}.Debug|x86.Build.0 = Debug|Win32
		{635FD9E4-10EE-44CD-9518-6F60AD53F758}.Release|x64.ActiveCfg = Release|x64
		{635FD9E4-10EE-44CD-9518-6F60AD53F758}.Release|x64.Build.0 = Release|x64
		{635FD9E4-10EE-44CD-9518-6F60AD53F758}.Release|x86.ActiveCfg = Release|Win32
		{635FD9E4-10EE-44CD-9518-6F60AD53F758}.Release|x86.Build.0 = Release|Win32
		{8DDEB31D-3D20-4304-B927-9AF06746E8D0}.Debug|x64.ActiveCfg = Debug|x64
		{8DDEB31D-3D20-4304-B927-9AF06746E8D0}.Debug|x64.Build.0 = Debug|x64
		{8DDEB31D-3D20-4304-B927-9AF06746E8D0}.Debug|x86.ActiveCfg = Debug|Win32
		{8DDEB31D-3D20-4304-B927-9AF06746E8D0}.Debug|x86.Build.0 = Debug|Win32
		{8DDEB31D-3D20-4304-B927-9AF06746E8D0}.Release|x64.ActiveCfg = Release|x64
		{8DDEB31D-3D20-4304-B927-9AF06746E8D0}.Release|x64.Build.0 = Release|x64
		{8DDEB31D-3D20-4304-B927-9AF06746E8D0}.Release|x86.ActiveCfg = Release|Win32
		{8DDEB31D-3D20-4304-B927-9AF06746E8D0}.Release|x86.Build.0 = Release|Win32
		{6C7C3AD6-2C4B-4127-A264-3FDDDD11CE9F}.Debug|x64.ActiveCfg = Debug|x64
		{6C7C3AD6-2C4B-4127-A264-3FDDDD11CE9F}.Debug|x64.Build.0 = Debug|x64
		{6C7C3AD6-2C4B-4127-A264-3FDDDD11CE9F}.Debug|x86.ActiveCfg = Debug|Win32
		{6C7C3AD6-2C4B-4127-A264-3FDDDD11CE9F}.Debug|x86.Build.0 = Debug|Win32
		{6C7C3AD6-2C4B-4127-A264-3FDDDD11CE9F}.Release|x64.ActiveCfg = Release|x64
		{6C7C3AD6-2C4B-4127-A264-3FDDDD11CE9F}.Release|x64.Build.0 = Release|x64
		{6C7C3AD6-2C4B-4127-A264-3FDDDD11CE9F}.Release|x86.ActiveCfg = Release|Win32
		{6C7C3AD6-2C4B-4127-A264-3FDDDD11CE9F}.Release|x86.Build.0 = Release|Win32
		{C9D3C0F1-0518-42DD-9DC0-DEF94E49454C}.Debug|x64.ActiveCfg = Debug|x64
		{C9D3C0F1-0518-42DD-9DC0-DEF94E49454C}.Debug|x64.Build.0 = Debug|x64
		{C9D3C0F1-0518-42DD-9DC0-DEF94E49454C}.Debug|x86.ActiveCfg = Debug|Win32
		{C9D3C0F1-0518-42DD-9DC0-DEF94E49454C}.Debug|x86.Build.0 = Debug|Win32
		{C9D3C0F1-0518-42DD-9DC0-DEF94E49454C}.Release|x64.ActiveCfg = Release|x64
		{C9D3C0F1-0518-42DD-9DC0-DEF94E49454C}.Release|x64.Build.0 = Release|x64
		{C9D3C0F1-0518-42DD-9DC0-DEF94E49454C}.Release|x86.ActiveCfg = Release|Win32
		{C9D3C0F1-0518-42DD-9DC0-DEF94E49454C}.Release|x86.Build.0 = Release|Win32
		{82FD8209-F5C5-4079-9C0E-78A46B09B6EA}.Debug|x64.ActiveCfg = Debug|x64
		{82FD8209-F5C5-4079-9C0E-78A46B09B6EA}.Debug|x64.Build.0 = Debug|x64
		{82FD8209-F5C5-4079-9C0E-78A46B09B6EA}.Debug|x86.ActiveCfg = Debug|Win32
		{82FD8209-F5C5-4079-9C0E-78A46B09B6EA}.Debug|x86.Build.0 = Debug|Win32
		{82FD8209-F5C5-4079-9C0E-78A46B09B6EA}.Release|x64.ActiveCfg = Release|x64
		{82FD8209-F5C5-4079-9C0E-78A46B09B6EA}.Release|x64.Build.0 = Release|x64
		{82FD8209-F5C5-4079-9C0E-78A46B09B6EA}.Release|x86.ActiveCfg = Release|Win32
		{82FD8209-F5C5-4079-9C0E-78A46B09B6EA}.Release|x86.Build.0 = Release|Win32
		{92F31F0D-B63B-421C-B1C0-E6630E713FFA}.Debug|x64.ActiveCfg = Debug|x64
		{92F31F0D-B63B-421C-B1C0-E6630E713FFA}.Debug|x64.Build.0 = Debug|x64
		{92F31F0D-B63B-421C-B1C0-E6630E713FFA}.Debug|x86.ActiveCfg = Debug|Win32
		{92F31F0D-B63B-421C-B1C0-E6630E713FFA}.Debug|x86.Build.0 = Debug|Win32
		{92F31F0D-B63B-421C-B1C0-E6630E713FFA}.Release|x64.ActiveCfg = Release|x64
		{92F31F0D-B63B-421C-B1C0-E6630E713FFA}.Release|x64.Build.0 = Release|x64
		{92F31F0D-B63B-421C-B1C0-E6630E713FFA}.Release|x86.ActiveCfg = Release|Win32
		{92F31F0D-B63B-421C-B1C0-E6630E713FFA}.Release|x86.Build.0 = Release|Win32
		{91737921-DF71-48CE-844B-F2B0096874F7}.Debug|x64.ActiveCfg = Debug|x64
		{91737921-DF71-48CE-844B-F2B0096874F7}.Debug|x64.Build.0 = Debug|x64
		{91737921-DF71-48CE-844B-F2B0096874F7}.Debug|x86.ActiveCfg = Debug|Win32
		{91737921-DF71-48CE-844B-F2B0096874F7}.Debug|x86.Build.0 = Debug|Win32
		{91737921-DF71-48CE-844B-F2B0096874F7}.Release|x64.ActiveCfg = Release|x64
		{91737921-DF71-48CE-844B-F2B0096874F7}.Release|x64.Build.0 = Release|x64
		{91737921-DF71-48CE-844B-F2B0096874F7}.Release|x86.ActiveCfg = Release|Win32
		{91737921-DF71-48CE-844B-F2B0096874F7}.Release|x86.Build.0 = Release|Win32
		{815E41A9-413C-4E61-9113-619F4E7F843C}.Debug|x64.ActiveCfg = Debug|x64
		{815E41A9-413C-4E61-9113-619F4E7F843C}.Debug|x64.Build.0 = Debug|x64
		{815E41A9-413C-4E61-9113-619F4E7F843C}.Debug|x86.ActiveCfg = Debug|Win32
		{815E41A9-413C-4E61-9113-619F4E7F843C}.Debug|x86.Build.0 = Debug|Win32
		{815E41A9-413C-4E61-9113-619F4E7F843C}.Release|x64.ActiveCfg = Release|x64
		{815E41A9-413C-4E61-9113-619F4E7F843C}.Release|x64.Build.0 = Release|x64
		{815E41A9-413C-4E61-9113-619F4E7F843C}.Release|x86.ActiveCfg = Release|Win32
		{815E41A9-413C-4E61-9113-619F4E7F843C}.Release|x86.Build.0 = Release|Win32
		{D158B040-D6F2-4DFF-8F1F-EB597362ADE6}.Debug|x64.ActiveCfg = Debug|x64
		{D158B040-D6F2-4DFF-8F1F-EB597362ADE6}.Debug|x64.Build.0 = Debug|x64
		{D158B040-D6F2-4DFF-8F1F-EB597362ADE6}.Debug|x86.ActiveCfg = Debug|Win32
		{D158B040-D6F2-4DFF-8F1F-EB597362ADE6}.Debug|x86.Build.0 = Debug|Win32
		{D158B040-D6F2-4DFF-8F1F-EB597362ADE6}.Release|x64.ActiveCfg = Release|x64
		{D158B040-D6F2-4DFF-8F1F-EB597362ADE6}.Release|x64.Build.0 = Release|x64
		{D158B040-D6F2-4DFF-8F1F-EB597362ADE6}.Release|x86.ActiveCfg = Release|Win32
		{D158B040-D6F2-4DFF-8F1F-EB597362ADE6}.Release|x86.Build.0 = Release|Win32
		{2C98AC3D-1618-4398-9B4A-8C1D18E002B5}.Debug|x64.ActiveCfg = Debug|x64
		{2C98AC3D-1618-4398-9B4A-8C1D18E002B5}.Debug|x64.Build.0 = Debug|x64
		{2C98AC3D-1618-4398-9B4A-8C1D18E002B5}.Debug|x86.ActiveCfg = Debug|Win32
		{2C98AC3D-1618-4398-9B4A-8C1D18E002B5}.Debug|x86.Build.0 = Debug|Win32
		{2C98AC3D-1618-4398-9B4A-8C1D18E002B5}.Release|x64.ActiveCfg = Release|x64
		{2C98AC3D-1618-4398-9B4A-8C1D18E002B5}.Release|x64.Build.0 = Release|x64
		{2C98AC3D-1618-4398-9B4A-8C1D18E002B5}.Release|x86.ActiveCfg = Release|Win32
		{2C98AC3D-1618-4398-9B4A-8C1D18E002B5}.Release|x86.Build.0 = Release|Win32
		{7952B2B2-0CCD-4E98-8203-FFF7506233BA}.Debug|x64.ActiveCfg = Debug|x64
		{7952B2B2-0CCD-4E98-8203-FFF7506233BA}.Debug|x64.Build.0 = Debug|x64
		{7952B2B2-0CCD-4E98-8203-FFF7506233BA}.Debug|x86.ActiveCfg = Debug|Win32
		{7952B2B2-0CCD-4E98-8203-FFF7506233BA}.Debug|x86.Build.0 = Debug|Win32
		{7952B2B2-0CCD-4E98-8203-FFF7506233BA}.Release|x64.ActiveCfg = Release|x64
		{7952B2B2-0CCD-4E98-8203-FFF7506233BA}.Release|x64.Build.0 = Release|x64
		{7952B2B2-0CCD-4E98-8203-FFF7506233BA}.Release|x86.ActiveCfg = Release|Win32
		{7952B2B2-0CCD-4E98-8203-FFF7506233BA}.Release|x86.Build.0 = Release|Win32
	EndGlobalSection
	GlobalSection(SolutionProperties) = preSolution
		HideSolutionNode = FALSE
	EndGlobalSection
	GlobalSection(ExtensibilityGlobals) = postSolution
		SolutionGuid = {720254FC-9842-411E-ABC5-BFB610AEAC4C}
	EndGlobalSection
EndGlobal
